// !$*UTF8*$!
{
	archiveVersion = 1;
	classes = {
	};
	objectVersion = 50;
	objects = {

/* Begin PBXBuildFile section */
		AA2E6F0C2521824E000800C3 /* AppDelegate.m in Sources */ = {isa = PBXBuildFile; fileRef = AA2E6F0B2521824E000800C3 /* AppDelegate.m */; };
		AA2E6F0F2521824E000800C3 /* SceneDelegate.m in Sources */ = {isa = PBXBuildFile; fileRef = AA2E6F0E2521824E000800C3 /* SceneDelegate.m */; };
		AA2E6F122521824E000800C3 /* ViewController.mm in Sources */ = {isa = PBXBuildFile; fileRef = AA2E6F112521824E000800C3 /* ViewController.mm */; };
		AA2E6F152521824E000800C3 /* Main.storyboard in Resources */ = {isa = PBXBuildFile; fileRef = AA2E6F132521824E000800C3 /* Main.storyboard */; };
		AA2E6F172521824F000800C3 /* Assets.xcassets in Resources */ = {isa = PBXBuildFile; fileRef = AA2E6F162521824F000800C3 /* Assets.xcassets */; };
		AA2E6F1A2521824F000800C3 /* LaunchScreen.storyboard in Resources */ = {isa = PBXBuildFile; fileRef = AA2E6F182521824F000800C3 /* LaunchScreen.storyboard */; };
		AA2E6F1D2521824F000800C3 /* main.m in Sources */ = {isa = PBXBuildFile; fileRef = AA2E6F1C2521824F000800C3 /* main.m */; };
		AA6369AA27C9CDFC00C5D731 /* benchmark.cpp in Sources */ = {isa = PBXBuildFile; fileRef = AA63699827C9CDFC00C5D731 /* benchmark.cpp */; };
		AA6369AB27C9CDFC00C5D731 /* standard_benchmark_runner.cpp in Sources */ = {isa = PBXBuildFile; fileRef = AA63699927C9CDFC00C5D731 /* standard_benchmark_runner.cpp */; };
		AA6369AC27C9CDFC00C5D731 /* standard_benchmark.cpp in Sources */ = {isa = PBXBuildFile; fileRef = AA63699A27C9CDFC00C5D731 /* standard_benchmark.cpp */; };
		AA6369AD27C9CDFC00C5D731 /* mono_time.cpp in Sources */ = {isa = PBXBuildFile; fileRef = AA6369A027C9CDFC00C5D731 /* mono_time.cpp */; };
		AA6369AE27C9CDFC00C5D731 /* mono_time_zero.cpp in Sources */ = {isa = PBXBuildFile; fileRef = AA6369A127C9CDFC00C5D731 /* mono_time_zero.cpp */; };
		AA6369AF27C9CDFC00C5D731 /* windows_bcrypt_rng_core.cpp in Sources */ = {isa = PBXBuildFile; fileRef = AA6369A227C9CDFC00C5D731 /* windows_bcrypt_rng_core.cpp */; };
		AA6369B027C9CDFC00C5D731 /* file_rng_core.cpp in Sources */ = {isa = PBXBuildFile; fileRef = AA6369A327C9CDFC00C5D731 /* file_rng_core.cpp */; };
		AA6369B127C9CDFC00C5D731 /* dev_urandom_rng.cpp in Sources */ = {isa = PBXBuildFile; fileRef = AA6369A427C9CDFC00C5D731 /* dev_urandom_rng.cpp */; };
		AA6369B227C9CDFC00C5D731 /* openssl_rand_bytes_rng_core.cpp in Sources */ = {isa = PBXBuildFile; fileRef = AA6369A527C9CDFC00C5D731 /* openssl_rand_bytes_rng_core.cpp */; };
		AA6369B327C9CDFC00C5D731 /* unix_time.cpp in Sources */ = {isa = PBXBuildFile; fileRef = AA6369A627C9CDFC00C5D731 /* unix_time.cpp */; };
		AA6369B427C9CDFC00C5D731 /* crypto_rng.cpp in Sources */ = {isa = PBXBuildFile; fileRef = AA6369A727C9CDFC00C5D731 /* crypto_rng.cpp */; };
		AA6369B527C9CDFC00C5D731 /* pfss.cpp in Sources */ = {isa = PBXBuildFile; fileRef = AA6369A927C9CDFC00C5D731 /* pfss.cpp */; };
/* End PBXBuildFile section */

/* Begin PBXFileReference section */
		AA2E6F072521824E000800C3 /* pfss-ios-benchmark.app */ = {isa = PBXFileReference; explicitFileType = wrapper.application; includeInIndex = 0; path = "pfss-ios-benchmark.app"; sourceTree = BUILT_PRODUCTS_DIR; };
		AA2E6F0A2521824E000800C3 /* AppDelegate.h */ = {isa = PBXFileReference; lastKnownFileType = sourcecode.c.h; path = AppDelegate.h; sourceTree = "<group>"; };
		AA2E6F0B2521824E000800C3 /* AppDelegate.m */ = {isa = PBXFileReference; lastKnownFileType = sourcecode.c.objc; path = AppDelegate.m; sourceTree = "<group>"; };
		AA2E6F0D2521824E000800C3 /* SceneDelegate.h */ = {isa = PBXFileReference; lastKnownFileType = sourcecode.c.h; path = SceneDelegate.h; sourceTree = "<group>"; };
		AA2E6F0E2521824E000800C3 /* SceneDelegate.m */ = {isa = PBXFileReference; lastKnownFileType = sourcecode.c.objc; path = SceneDelegate.m; sourceTree = "<group>"; };
		AA2E6F102521824E000800C3 /* ViewController.h */ = {isa = PBXFileReference; lastKnownFileType = sourcecode.c.h; path = ViewController.h; sourceTree = "<group>"; };
		AA2E6F112521824E000800C3 /* ViewController.mm */ = {isa = PBXFileReference; lastKnownFileType = sourcecode.cpp.objcpp; path = ViewController.mm; sourceTree = "<group>"; };
		AA2E6F142521824E000800C3 /* Base */ = {isa = PBXFileReference; lastKnownFileType = file.storyboard; name = Base; path = Base.lproj/Main.storyboard; sourceTree = "<group>"; };
		AA2E6F162521824F000800C3 /* Assets.xcassets */ = {isa = PBXFileReference; lastKnownFileType = folder.assetcatalog; path = Assets.xcassets; sourceTree = "<group>"; };
		AA2E6F192521824F000800C3 /* Base */ = {isa = PBXFileReference; lastKnownFileType = file.storyboard; name = Base; path = Base.lproj/LaunchScreen.storyboard; sourceTree = "<group>"; };
		AA2E6F1B2521824F000800C3 /* Info.plist */ = {isa = PBXFileReference; lastKnownFileType = text.plist.xml; path = Info.plist; sourceTree = "<group>"; };
		AA2E6F1C2521824F000800C3 /* main.m */ = {isa = PBXFileReference; lastKnownFileType = sourcecode.c.objc; path = main.m; sourceTree = "<group>"; };
		AA63699827C9CDFC00C5D731 /* benchmark.cpp */ = {isa = PBXFileReference; fileEncoding = 4; lastKnownFileType = sourcecode.cpp.cpp; path = benchmark.cpp; sourceTree = "<group>"; };
		AA63699927C9CDFC00C5D731 /* standard_benchmark_runner.cpp */ = {isa = PBXFileReference; fileEncoding = 4; lastKnownFileType = sourcecode.cpp.cpp; path = standard_benchmark_runner.cpp; sourceTree = "<group>"; };
		AA63699A27C9CDFC00C5D731 /* standard_benchmark.cpp */ = {isa = PBXFileReference; fileEncoding = 4; lastKnownFileType = sourcecode.cpp.cpp; path = standard_benchmark.cpp; sourceTree = "<group>"; };
		AA6369A027C9CDFC00C5D731 /* mono_time.cpp */ = {isa = PBXFileReference; fileEncoding = 4; lastKnownFileType = sourcecode.cpp.cpp; path = mono_time.cpp; sourceTree = "<group>"; };
		AA6369A127C9CDFC00C5D731 /* mono_time_zero.cpp */ = {isa = PBXFileReference; fileEncoding = 4; lastKnownFileType = sourcecode.cpp.cpp; path = mono_time_zero.cpp; sourceTree = "<group>"; };
		AA6369A227C9CDFC00C5D731 /* windows_bcrypt_rng_core.cpp */ = {isa = PBXFileReference; fileEncoding = 4; lastKnownFileType = sourcecode.cpp.cpp; path = windows_bcrypt_rng_core.cpp; sourceTree = "<group>"; };
		AA6369A327C9CDFC00C5D731 /* file_rng_core.cpp */ = {isa = PBXFileReference; fileEncoding = 4; lastKnownFileType = sourcecode.cpp.cpp; path = file_rng_core.cpp; sourceTree = "<group>"; };
		AA6369A427C9CDFC00C5D731 /* dev_urandom_rng.cpp */ = {isa = PBXFileReference; fileEncoding = 4; lastKnownFileType = sourcecode.cpp.cpp; path = dev_urandom_rng.cpp; sourceTree = "<group>"; };
		AA6369A527C9CDFC00C5D731 /* openssl_rand_bytes_rng_core.cpp */ = {isa = PBXFileReference; fileEncoding = 4; lastKnownFileType = sourcecode.cpp.cpp; path = openssl_rand_bytes_rng_core.cpp; sourceTree = "<group>"; };
		AA6369A627C9CDFC00C5D731 /* unix_time.cpp */ = {isa = PBXFileReference; fileEncoding = 4; lastKnownFileType = sourcecode.cpp.cpp; path = unix_time.cpp; sourceTree = "<group>"; };
		AA6369A727C9CDFC00C5D731 /* crypto_rng.cpp */ = {isa = PBXFileReference; fileEncoding = 4; lastKnownFileType = sourcecode.cpp.cpp; path = crypto_rng.cpp; sourceTree = "<group>"; };
		AA6369A927C9CDFC00C5D731 /* pfss.cpp */ = {isa = PBXFileReference; fileEncoding = 4; lastKnownFileType = sourcecode.cpp.cpp; path = pfss.cpp; sourceTree = "<group>"; };
/* End PBXFileReference section */

/* Begin PBXFrameworksBuildPhase section */
		AA2E6F042521824E000800C3 /* Frameworks */ = {
			isa = PBXFrameworksBuildPhase;
			buildActionMask = 2147483647;
			files = (
			);
			runOnlyForDeploymentPostprocessing = 0;
		};
/* End PBXFrameworksBuildPhase section */

/* Begin PBXGroup section */
		AA2E6EFE2521824E000800C3 = {
			isa = PBXGroup;
			children = (
				AA63699427C9CDFC00C5D731 /* src */,
				AA2E6F092521824E000800C3 /* pfss-ios-benchmark */,
				AA2E6F082521824E000800C3 /* Products */,
			);
			sourceTree = "<group>";
		};
		AA2E6F082521824E000800C3 /* Products */ = {
			isa = PBXGroup;
			children = (
				AA2E6F072521824E000800C3 /* pfss-ios-benchmark.app */,
			);
			name = Products;
			sourceTree = "<group>";
		};
		AA2E6F092521824E000800C3 /* pfss-ios-benchmark */ = {
			isa = PBXGroup;
			children = (
				AA2E6F0A2521824E000800C3 /* AppDelegate.h */,
				AA2E6F0B2521824E000800C3 /* AppDelegate.m */,
				AA2E6F0D2521824E000800C3 /* SceneDelegate.h */,
				AA2E6F0E2521824E000800C3 /* SceneDelegate.m */,
				AA2E6F102521824E000800C3 /* ViewController.h */,
				AA2E6F112521824E000800C3 /* ViewController.mm */,
				AA2E6F132521824E000800C3 /* Main.storyboard */,
				AA2E6F162521824F000800C3 /* Assets.xcassets */,
				AA2E6F182521824F000800C3 /* LaunchScreen.storyboard */,
				AA2E6F1B2521824F000800C3 /* Info.plist */,
				AA2E6F1C2521824F000800C3 /* main.m */,
			);
			path = "pfss-ios-benchmark";
			sourceTree = "<group>";
		};
		AA63699427C9CDFC00C5D731 /* src */ = {
			isa = PBXGroup;
			children = (
				AA63699527C9CDFC00C5D731 /* c_cpp */,
			);
			path = src;
			sourceTree = "<group>";
		};
		AA63699527C9CDFC00C5D731 /* c_cpp */ = {
			isa = PBXGroup;
			children = (
				AA63699627C9CDFC00C5D731 /* misc */,
				AA63699B27C9CDFC00C5D731 /* sst */,
				AA6369A827C9CDFC00C5D731 /* lib */,
			);
			path = c_cpp;
			sourceTree = "<group>";
		};
		AA63699627C9CDFC00C5D731 /* misc */ = {
			isa = PBXGroup;
			children = (
				AA63699727C9CDFC00C5D731 /* pfss */,
			);
			path = misc;
			sourceTree = "<group>";
		};
		AA63699727C9CDFC00C5D731 /* pfss */ = {
			isa = PBXGroup;
			children = (
				AA63699827C9CDFC00C5D731 /* benchmark.cpp */,
				AA63699927C9CDFC00C5D731 /* standard_benchmark_runner.cpp */,
				AA63699A27C9CDFC00C5D731 /* standard_benchmark.cpp */,
			);
			path = pfss;
			sourceTree = "<group>";
		};
		AA63699B27C9CDFC00C5D731 /* sst */ = {
			isa = PBXGroup;
			children = (
				AA63699C27C9CDFC00C5D731 /* lib */,
			);
			path = sst;
			sourceTree = "<group>";
		};
		AA63699C27C9CDFC00C5D731 /* lib */ = {
			isa = PBXGroup;
			children = (
				AA63699D27C9CDFC00C5D731 /* pfss */,
			);
			path = lib;
			sourceTree = "<group>";
		};
		AA63699D27C9CDFC00C5D731 /* pfss */ = {
			isa = PBXGroup;
			children = (
				AA63699E27C9CDFC00C5D731 /* sst */,
			);
			path = pfss;
			sourceTree = "<group>";
		};
		AA63699E27C9CDFC00C5D731 /* sst */ = {
			isa = PBXGroup;
			children = (
				AA63699F27C9CDFC00C5D731 /* catalog */,
			);
			path = sst;
			sourceTree = "<group>";
		};
		AA63699F27C9CDFC00C5D731 /* catalog */ = {
			isa = PBXGroup;
			children = (
				AA6369A027C9CDFC00C5D731 /* mono_time.cpp */,
				AA6369A127C9CDFC00C5D731 /* mono_time_zero.cpp */,
				AA6369A227C9CDFC00C5D731 /* windows_bcrypt_rng_core.cpp */,
				AA6369A327C9CDFC00C5D731 /* file_rng_core.cpp */,
				AA6369A427C9CDFC00C5D731 /* dev_urandom_rng.cpp */,
				AA6369A527C9CDFC00C5D731 /* openssl_rand_bytes_rng_core.cpp */,
				AA6369A627C9CDFC00C5D731 /* unix_time.cpp */,
				AA6369A727C9CDFC00C5D731 /* crypto_rng.cpp */,
			);
			path = catalog;
			sourceTree = "<group>";
		};
		AA6369A827C9CDFC00C5D731 /* lib */ = {
			isa = PBXGroup;
			children = (
				AA6369A927C9CDFC00C5D731 /* pfss.cpp */,
			);
			path = lib;
			sourceTree = "<group>";
		};
/* End PBXGroup section */

/* Begin PBXNativeTarget section */
		AA2E6F062521824E000800C3 /* pfss-ios-benchmark */ = {
			isa = PBXNativeTarget;
			buildConfigurationList = AA2E6F202521824F000800C3 /* Build configuration list for PBXNativeTarget "pfss-ios-benchmark" */;
			buildPhases = (
				AA2E6F032521824E000800C3 /* Sources */,
				AA2E6F042521824E000800C3 /* Frameworks */,
				AA2E6F052521824E000800C3 /* Resources */,
			);
			buildRules = (
			);
			dependencies = (
			);
			name = "pfss-ios-benchmark";
			productName = "pfss-ios-benchmark";
			productReference = AA2E6F072521824E000800C3 /* pfss-ios-benchmark.app */;
			productType = "com.apple.product-type.application";
		};
/* End PBXNativeTarget section */

/* Begin PBXProject section */
		AA2E6EFF2521824E000800C3 /* Project object */ = {
			isa = PBXProject;
			attributes = {
				LastUpgradeCheck = 1200;
				TargetAttributes = {
					AA2E6F062521824E000800C3 = {
						CreatedOnToolsVersion = 12.0.1;
					};
				};
			};
			buildConfigurationList = AA2E6F022521824E000800C3 /* Build configuration list for PBXProject "pfss-ios-benchmark" */;
			compatibilityVersion = "Xcode 9.3";
			developmentRegion = en;
			hasScannedForEncodings = 0;
			knownRegions = (
				en,
				Base,
			);
			mainGroup = AA2E6EFE2521824E000800C3;
			productRefGroup = AA2E6F082521824E000800C3 /* Products */;
			projectDirPath = "";
			projectRoot = "";
			targets = (
				AA2E6F062521824E000800C3 /* pfss-ios-benchmark */,
			);
		};
/* End PBXProject section */

/* Begin PBXResourcesBuildPhase section */
		AA2E6F052521824E000800C3 /* Resources */ = {
			isa = PBXResourcesBuildPhase;
			buildActionMask = 2147483647;
			files = (
				AA2E6F1A2521824F000800C3 /* LaunchScreen.storyboard in Resources */,
				AA2E6F172521824F000800C3 /* Assets.xcassets in Resources */,
				AA2E6F152521824E000800C3 /* Main.storyboard in Resources */,
			);
			runOnlyForDeploymentPostprocessing = 0;
		};
/* End PBXResourcesBuildPhase section */

/* Begin PBXSourcesBuildPhase section */
		AA2E6F032521824E000800C3 /* Sources */ = {
			isa = PBXSourcesBuildPhase;
			buildActionMask = 2147483647;
			files = (
				AA6369B327C9CDFC00C5D731 /* unix_time.cpp in Sources */,
				AA6369B227C9CDFC00C5D731 /* openssl_rand_bytes_rng_core.cpp in Sources */,
				AA6369AE27C9CDFC00C5D731 /* mono_time_zero.cpp in Sources */,
				AA2E6F122521824E000800C3 /* ViewController.mm in Sources */,
				AA6369AA27C9CDFC00C5D731 /* benchmark.cpp in Sources */,
				AA6369B527C9CDFC00C5D731 /* pfss.cpp in Sources */,
				AA6369B427C9CDFC00C5D731 /* crypto_rng.cpp in Sources */,
				AA6369AB27C9CDFC00C5D731 /* standard_benchmark_runner.cpp in Sources */,
				AA6369B027C9CDFC00C5D731 /* file_rng_core.cpp in Sources */,
				AA6369AC27C9CDFC00C5D731 /* standard_benchmark.cpp in Sources */,
				AA6369B127C9CDFC00C5D731 /* dev_urandom_rng.cpp in Sources */,
				AA2E6F0C2521824E000800C3 /* AppDelegate.m in Sources */,
				AA6369AD27C9CDFC00C5D731 /* mono_time.cpp in Sources */,
				AA2E6F1D2521824F000800C3 /* main.m in Sources */,
				AA6369AF27C9CDFC00C5D731 /* windows_bcrypt_rng_core.cpp in Sources */,
				AA2E6F0F2521824E000800C3 /* SceneDelegate.m in Sources */,
			);
			runOnlyForDeploymentPostprocessing = 0;
		};
/* End PBXSourcesBuildPhase section */

/* Begin PBXVariantGroup section */
		AA2E6F132521824E000800C3 /* Main.storyboard */ = {
			isa = PBXVariantGroup;
			children = (
				AA2E6F142521824E000800C3 /* Base */,
			);
			name = Main.storyboard;
			sourceTree = "<group>";
		};
		AA2E6F182521824F000800C3 /* LaunchScreen.storyboard */ = {
			isa = PBXVariantGroup;
			children = (
				AA2E6F192521824F000800C3 /* Base */,
			);
			name = LaunchScreen.storyboard;
			sourceTree = "<group>";
		};
/* End PBXVariantGroup section */

/* Begin XCBuildConfiguration section */
		AA2E6F1E2521824F000800C3 /* Debug */ = {
			isa = XCBuildConfiguration;
			buildSettings = {
				ALWAYS_SEARCH_USER_PATHS = NO;
				CLANG_ANALYZER_NONNULL = YES;
				CLANG_ANALYZER_NUMBER_OBJECT_CONVERSION = YES_AGGRESSIVE;
				CLANG_CXX_LANGUAGE_STANDARD = "gnu++14";
				CLANG_CXX_LIBRARY = "libc++";
				CLANG_ENABLE_MODULES = YES;
				CLANG_ENABLE_OBJC_ARC = YES;
				CLANG_ENABLE_OBJC_WEAK = YES;
				CLANG_WARN_BLOCK_CAPTURE_AUTORELEASING = YES;
				CLANG_WARN_BOOL_CONVERSION = YES;
				CLANG_WARN_COMMA = YES;
				CLANG_WARN_CONSTANT_CONVERSION = YES;
				CLANG_WARN_DEPRECATED_OBJC_IMPLEMENTATIONS = YES;
				CLANG_WARN_DIRECT_OBJC_ISA_USAGE = YES_ERROR;
				CLANG_WARN_DOCUMENTATION_COMMENTS = YES;
				CLANG_WARN_EMPTY_BODY = YES;
				CLANG_WARN_ENUM_CONVERSION = YES;
				CLANG_WARN_INFINITE_RECURSION = YES;
				CLANG_WARN_INT_CONVERSION = YES;
				CLANG_WARN_NON_LITERAL_NULL_CONVERSION = YES;
				CLANG_WARN_OBJC_IMPLICIT_RETAIN_SELF = YES;
				CLANG_WARN_OBJC_LITERAL_CONVERSION = YES;
				CLANG_WARN_OBJC_ROOT_CLASS = YES_ERROR;
				CLANG_WARN_QUOTED_INCLUDE_IN_FRAMEWORK_HEADER = YES;
				CLANG_WARN_RANGE_LOOP_ANALYSIS = YES;
				CLANG_WARN_STRICT_PROTOTYPES = YES;
				CLANG_WARN_SUSPICIOUS_MOVE = YES;
				CLANG_WARN_UNGUARDED_AVAILABILITY = YES_AGGRESSIVE;
				CLANG_WARN_UNREACHABLE_CODE = YES;
				CLANG_WARN__DUPLICATE_METHOD_MATCH = YES;
				COPY_PHASE_STRIP = NO;
				DEBUG_INFORMATION_FORMAT = dwarf;
				ENABLE_STRICT_OBJC_MSGSEND = YES;
				ENABLE_TESTABILITY = YES;
				GCC_C_LANGUAGE_STANDARD = gnu11;
				GCC_DYNAMIC_NO_PIC = NO;
				GCC_NO_COMMON_BLOCKS = YES;
				GCC_OPTIMIZATION_LEVEL = 0;
				GCC_PREPROCESSOR_DEFINITIONS = (
					"DEBUG=1",
					"$(inherited)",
				);
				GCC_WARN_64_TO_32_BIT_CONVERSION = YES;
				GCC_WARN_ABOUT_RETURN_TYPE = YES_ERROR;
				GCC_WARN_UNDECLARED_SELECTOR = YES;
				GCC_WARN_UNINITIALIZED_AUTOS = YES_AGGRESSIVE;
				GCC_WARN_UNUSED_FUNCTION = YES;
				GCC_WARN_UNUSED_VARIABLE = YES;
				"HEADER_SEARCH_PATHS[arch=*]" = (
					../src/c_cpp/include,
					../src/c_cpp/lib,
					../src/c_cpp/misc,
					../src/c_cpp/sst/include,
					../src/c_cpp/sst/lib,
				);
				IPHONEOS_DEPLOYMENT_TARGET = 13.1;
				MTL_ENABLE_DEBUG_INFO = INCLUDE_SOURCE;
				MTL_FAST_MATH = YES;
				ONLY_ACTIVE_ARCH = YES;
				SDKROOT = iphoneos;
			};
			name = Debug;
		};
		AA2E6F1F2521824F000800C3 /* Release */ = {
			isa = XCBuildConfiguration;
			buildSettings = {
				ALWAYS_SEARCH_USER_PATHS = NO;
				CLANG_ANALYZER_NONNULL = YES;
				CLANG_ANALYZER_NUMBER_OBJECT_CONVERSION = YES_AGGRESSIVE;
				CLANG_CXX_LANGUAGE_STANDARD = "gnu++14";
				CLANG_CXX_LIBRARY = "libc++";
				CLANG_ENABLE_MODULES = YES;
				CLANG_ENABLE_OBJC_ARC = YES;
				CLANG_ENABLE_OBJC_WEAK = YES;
				CLANG_WARN_BLOCK_CAPTURE_AUTORELEASING = YES;
				CLANG_WARN_BOOL_CONVERSION = YES;
				CLANG_WARN_COMMA = YES;
				CLANG_WARN_CONSTANT_CONVERSION = YES;
				CLANG_WARN_DEPRECATED_OBJC_IMPLEMENTATIONS = YES;
				CLANG_WARN_DIRECT_OBJC_ISA_USAGE = YES_ERROR;
				CLANG_WARN_DOCUMENTATION_COMMENTS = YES;
				CLANG_WARN_EMPTY_BODY = YES;
				CLANG_WARN_ENUM_CONVERSION = YES;
				CLANG_WARN_INFINITE_RECURSION = YES;
				CLANG_WARN_INT_CONVERSION = YES;
				CLANG_WARN_NON_LITERAL_NULL_CONVERSION = YES;
				CLANG_WARN_OBJC_IMPLICIT_RETAIN_SELF = YES;
				CLANG_WARN_OBJC_LITERAL_CONVERSION = YES;
				CLANG_WARN_OBJC_ROOT_CLASS = YES_ERROR;
				CLANG_WARN_QUOTED_INCLUDE_IN_FRAMEWORK_HEADER = YES;
				CLANG_WARN_RANGE_LOOP_ANALYSIS = YES;
				CLANG_WARN_STRICT_PROTOTYPES = YES;
				CLANG_WARN_SUSPICIOUS_MOVE = YES;
				CLANG_WARN_UNGUARDED_AVAILABILITY = YES_AGGRESSIVE;
				CLANG_WARN_UNREACHABLE_CODE = YES;
				CLANG_WARN__DUPLICATE_METHOD_MATCH = YES;
				COPY_PHASE_STRIP = NO;
				DEBUG_INFORMATION_FORMAT = "dwarf-with-dsym";
				ENABLE_NS_ASSERTIONS = NO;
				ENABLE_STRICT_OBJC_MSGSEND = YES;
				GCC_C_LANGUAGE_STANDARD = gnu11;
				GCC_NO_COMMON_BLOCKS = YES;
				GCC_WARN_64_TO_32_BIT_CONVERSION = YES;
				GCC_WARN_ABOUT_RETURN_TYPE = YES_ERROR;
				GCC_WARN_UNDECLARED_SELECTOR = YES;
				GCC_WARN_UNINITIALIZED_AUTOS = YES_AGGRESSIVE;
				GCC_WARN_UNUSED_FUNCTION = YES;
				GCC_WARN_UNUSED_VARIABLE = YES;
				"HEADER_SEARCH_PATHS[arch=*]" = (
					../src/c_cpp/include,
					../src/c_cpp/lib,
					../src/c_cpp/misc,
					../src/c_cpp/sst/include,
					../src/c_cpp/sst/lib,
				);
				IPHONEOS_DEPLOYMENT_TARGET = 13.1;
				MTL_ENABLE_DEBUG_INFO = NO;
				MTL_FAST_MATH = YES;
				ONLY_ACTIVE_ARCH = YES;
				SDKROOT = iphoneos;
				VALIDATE_PRODUCT = YES;
			};
			name = Release;
		};
		AA2E6F212521824F000800C3 /* Debug */ = {
			isa = XCBuildConfiguration;
			buildSettings = {
				ASSETCATALOG_COMPILER_APPICON_NAME = AppIcon;
				ASSETCATALOG_COMPILER_GLOBAL_ACCENT_COLOR_NAME = AccentColor;
				CODE_SIGN_STYLE = Automatic;
				DEVELOPMENT_TEAM = UJ2JJF7RHG;
				"HEADER_SEARCH_PATHS[arch=*]" = (
					../src/c_cpp/include,
					../src/c_cpp/lib,
					../src/c_cpp/misc,
					../src/c_cpp/sst/include,
					../src/c_cpp/sst/lib,
				);
				INFOPLIST_FILE = "pfss-ios-benchmark/Info.plist";
				LD_RUNPATH_SEARCH_PATHS = (
					"$(inherited)",
					"@executable_path/Frameworks",
				);
				PRODUCT_BUNDLE_IDENTIFIER = "com.stealthsoftwareinc.pfss-ios-benchmark";
				PRODUCT_NAME = "$(TARGET_NAME)";
				TARGETED_DEVICE_FAMILY = "1,2";
			};
			name = Debug;
		};
		AA2E6F222521824F000800C3 /* Release */ = {
			isa = XCBuildConfiguration;
			buildSettings = {
				ASSETCATALOG_COMPILER_APPICON_NAME = AppIcon;
				ASSETCATALOG_COMPILER_GLOBAL_ACCENT_COLOR_NAME = AccentColor;
				CODE_SIGN_STYLE = Automatic;
				DEVELOPMENT_TEAM = UJ2JJF7RHG;
				"HEADER_SEARCH_PATHS[arch=*]" = (
					../src/c_cpp/include,
					../src/c_cpp/lib,
					../src/c_cpp/misc,
					../src/c_cpp/sst/include,
					../src/c_cpp/sst/lib,
				);
				INFOPLIST_FILE = "pfss-ios-benchmark/Info.plist";
				LD_RUNPATH_SEARCH_PATHS = (
					"$(inherited)",
					"@executable_path/Frameworks",
				);
				"OTHER_CFLAGS[arch=*]" = (
					"-O2",
					"-DNDEBUG",
				);
				"OTHER_CPLUSPLUSFLAGS[arch=*]" = (
					"-O2",
					"-DNDEBUG",
				);
				PRODUCT_BUNDLE_IDENTIFIER = "com.stealthsoftwareinc.pfss-ios-benchmark";
				PRODUCT_NAME = "$(TARGET_NAME)";
				TARGETED_DEVICE_FAMILY = "1,2";
			};
			name = Release;
		};
/* End XCBuildConfiguration section */

/* Begin XCConfigurationList section */
		AA2E6F022521824E000800C3 /* Build configuration list for PBXProject "pfss-ios-benchmark" */ = {
			isa = XCConfigurationList;
			buildConfigurations = (
				AA2E6F1E2521824F000800C3 /* Debug */,
				AA2E6F1F2521824F000800C3 /* Release */,
			);
			defaultConfigurationIsVisible = 0;
			defaultConfigurationName = Release;
		};
		AA2E6F202521824F000800C3 /* Build configuration list for PBXNativeTarget "pfss-ios-benchmark" */ = {
			isa = XCConfigurationList;
			buildConfigurations = (
				AA2E6F212521824F000800C3 /* Debug */,
				AA2E6F222521824F000800C3 /* Release */,
			);
			defaultConfigurationIsVisible = 0;
			defaultConfigurationName = Release;
		};
/* End XCConfigurationList section */
	};
	rootObject = AA2E6EFF2521824E000800C3 /* Project object */;
}
